// !$*UTF8*$!
{
	archiveVersion = 1;
	classes = {
	};
	objectVersion = 50;
	objects = {

/* Begin PBXBuildFile section */
		187AA3D124E913F2003C812C /* AppDelegate.m in Sources */ = {isa = PBXBuildFile; fileRef = 187AA3D024E913F2003C812C /* AppDelegate.m */; };
		187AA3D424E913F2003C812C /* SceneDelegate.m in Sources */ = {isa = PBXBuildFile; fileRef = 187AA3D324E913F2003C812C /* SceneDelegate.m */; };
		187AA3D724E913F2003C812C /* ViewController.m in Sources */ = {isa = PBXBuildFile; fileRef = 187AA3D624E913F2003C812C /* ViewController.m */; };
		187AA3DA24E913F2003C812C /* Main.storyboard in Resources */ = {isa = PBXBuildFile; fileRef = 187AA3D824E913F2003C812C /* Main.storyboard */; };
		187AA3DC24E913F8003C812C /* Assets.xcassets in Resources */ = {isa = PBXBuildFile; fileRef = 187AA3DB24E913F8003C812C /* Assets.xcassets */; };
		187AA3DF24E913F8003C812C /* LaunchScreen.storyboard in Resources */ = {isa = PBXBuildFile; fileRef = 187AA3DD24E913F8003C812C /* LaunchScreen.storyboard */; };
		187AA3E224E913F8003C812C /* main.m in Sources */ = {isa = PBXBuildFile; fileRef = 187AA3E124E913F8003C812C /* main.m */; };
		187AA3EC24E913F9003C812C /* KVC___Tests.m in Sources */ = {isa = PBXBuildFile; fileRef = 187AA3EB24E913F9003C812C /* KVC___Tests.m */; };
		187AA3F724E913F9003C812C /* KVC___UITests.m in Sources */ = {isa = PBXBuildFile; fileRef = 187AA3F624E913F9003C812C /* KVC___UITests.m */; };
		187AA40624E92634003C812C /* RegisterView.m in Sources */ = {isa = PBXBuildFile; fileRef = 187AA40524E92634003C812C /* RegisterView.m */; };
		187AA40924E92652003C812C /* LoginView.m in Sources */ = {isa = PBXBuildFile; fileRef = 187AA40824E92652003C812C /* LoginView.m */; };
		187AA40C24E92677003C812C /* RegisterController.m in Sources */ = {isa = PBXBuildFile; fileRef = 187AA40B24E92677003C812C /* RegisterController.m */; };
		187AA40F24E9269B003C812C /* LoginController.m in Sources */ = {isa = PBXBuildFile; fileRef = 187AA40E24E9269B003C812C /* LoginController.m */; };
/* End PBXBuildFile section */

/* Begin PBXContainerItemProxy section */
		187AA3E824E913F8003C812C /* PBXContainerItemProxy */ = {
			isa = PBXContainerItemProxy;
			containerPortal = 187AA3C424E913F2003C812C /* Project object */;
			proxyType = 1;
			remoteGlobalIDString = 187AA3CB24E913F2003C812C;
			remoteInfo = "KVC+通知";
		};
		187AA3F324E913F9003C812C /* PBXContainerItemProxy */ = {
			isa = PBXContainerItemProxy;
			containerPortal = 187AA3C424E913F2003C812C /* Project object */;
			proxyType = 1;
			remoteGlobalIDString = 187AA3CB24E913F2003C812C;
			remoteInfo = "KVC+通知";
		};
/* End PBXContainerItemProxy section */

/* Begin PBXFileReference section */
		187AA3CC24E913F2003C812C /* KVC+通知.app */ = {isa = PBXFileReference; explicitFileType = wrapper.application; includeInIndex = 0; path = "KVC+通知.app"; sourceTree = BUILT_PRODUCTS_DIR; };
		187AA3CF24E913F2003C812C /* AppDelegate.h */ = {isa = PBXFileReference; lastKnownFileType = sourcecode.c.h; path = AppDelegate.h; sourceTree = "<group>"; };
		187AA3D024E913F2003C812C /* AppDelegate.m */ = {isa = PBXFileReference; lastKnownFileType = sourcecode.c.objc; path = AppDelegate.m; sourceTree = "<group>"; };
		187AA3D224E913F2003C812C /* SceneDelegate.h */ = {isa = PBXFileReference; lastKnownFileType = sourcecode.c.h; path = SceneDelegate.h; sourceTree = "<group>"; };
		187AA3D324E913F2003C812C /* SceneDelegate.m */ = {isa = PBXFileReference; lastKnownFileType = sourcecode.c.objc; path = SceneDelegate.m; sourceTree = "<group>"; };
		187AA3D524E913F2003C812C /* ViewController.h */ = {isa = PBXFileReference; lastKnownFileType = sourcecode.c.h; path = ViewController.h; sourceTree = "<group>"; };
		187AA3D624E913F2003C812C /* ViewController.m */ = {isa = PBXFileReference; lastKnownFileType = sourcecode.c.objc; path = ViewController.m; sourceTree = "<group>"; };
		187AA3D924E913F2003C812C /* Base */ = {isa = PBXFileReference; lastKnownFileType = file.storyboard; name = Base; path = Base.lproj/Main.storyboard; sourceTree = "<group>"; };
		187AA3DB24E913F8003C812C /* Assets.xcassets */ = {isa = PBXFileReference; lastKnownFileType = folder.assetcatalog; path = Assets.xcassets; sourceTree = "<group>"; };
		187AA3DE24E913F8003C812C /* Base */ = {isa = PBXFileReference; lastKnownFileType = file.storyboard; name = Base; path = Base.lproj/LaunchScreen.storyboard; sourceTree = "<group>"; };
		187AA3E024E913F8003C812C /* Info.plist */ = {isa = PBXFileReference; lastKnownFileType = text.plist.xml; path = Info.plist; sourceTree = "<group>"; };
		187AA3E124E913F8003C812C /* main.m */ = {isa = PBXFileReference; lastKnownFileType = sourcecode.c.objc; path = main.m; sourceTree = "<group>"; };
		187AA3E724E913F8003C812C /* KVC+通知Tests.xctest */ = {isa = PBXFileReference; explicitFileType = wrapper.cfbundle; includeInIndex = 0; path = "KVC+通知Tests.xctest"; sourceTree = BUILT_PRODUCTS_DIR; };
		187AA3EB24E913F9003C812C /* KVC___Tests.m */ = {isa = PBXFileReference; lastKnownFileType = sourcecode.c.objc; path = "KVC___Tests.m"; sourceTree = "<group>"; };
		187AA3ED24E913F9003C812C /* Info.plist */ = {isa = PBXFileReference; lastKnownFileType = text.plist.xml; path = Info.plist; sourceTree = "<group>"; };
		187AA3F224E913F9003C812C /* KVC+通知UITests.xctest */ = {isa = PBXFileReference; explicitFileType = wrapper.cfbundle; includeInIndex = 0; path = "KVC+通知UITests.xctest"; sourceTree = BUILT_PRODUCTS_DIR; };
		187AA3F624E913F9003C812C /* KVC___UITests.m */ = {isa = PBXFileReference; lastKnownFileType = sourcecode.c.objc; path = "KVC___UITests.m"; sourceTree = "<group>"; };
		187AA3F824E913F9003C812C /* Info.plist */ = {isa = PBXFileReference; lastKnownFileType = text.plist.xml; path = Info.plist; sourceTree = "<group>"; };
		187AA40424E92634003C812C /* RegisterView.h */ = {isa = PBXFileReference; lastKnownFileType = sourcecode.c.h; path = RegisterView.h; sourceTree = "<group>"; };
		187AA40524E92634003C812C /* RegisterView.m */ = {isa = PBXFileReference; lastKnownFileType = sourcecode.c.objc; path = RegisterView.m; sourceTree = "<group>"; };
		187AA40724E92652003C812C /* LoginView.h */ = {isa = PBXFileReference; lastKnownFileType = sourcecode.c.h; path = LoginView.h; sourceTree = "<group>"; };
		187AA40824E92652003C812C /* LoginView.m */ = {isa = PBXFileReference; lastKnownFileType = sourcecode.c.objc; path = LoginView.m; sourceTree = "<group>"; };
		187AA40A24E92677003C812C /* RegisterController.h */ = {isa = PBXFileReference; lastKnownFileType = sourcecode.c.h; path = RegisterController.h; sourceTree = "<group>"; };
		187AA40B24E92677003C812C /* RegisterController.m */ = {isa = PBXFileReference; lastKnownFileType = sourcecode.c.objc; path = RegisterController.m; sourceTree = "<group>"; };
		187AA40D24E9269B003C812C /* LoginController.h */ = {isa = PBXFileReference; lastKnownFileType = sourcecode.c.h; path = LoginController.h; sourceTree = "<group>"; };
		187AA40E24E9269B003C812C /* LoginController.m */ = {isa = PBXFileReference; lastKnownFileType = sourcecode.c.objc; path = LoginController.m; sourceTree = "<group>"; };
/* End PBXFileReference section */

/* Begin PBXFrameworksBuildPhase section */
		187AA3C924E913F2003C812C /* Frameworks */ = {
			isa = PBXFrameworksBuildPhase;
			buildActionMask = 2147483647;
			files = (
			);
			runOnlyForDeploymentPostprocessing = 0;
		};
		187AA3E424E913F8003C812C /* Frameworks */ = {
			isa = PBXFrameworksBuildPhase;
			buildActionMask = 2147483647;
			files = (
			);
			runOnlyForDeploymentPostprocessing = 0;
		};
		187AA3EF24E913F9003C812C /* Frameworks */ = {
			isa = PBXFrameworksBuildPhase;
			buildActionMask = 2147483647;
			files = (
			);
			runOnlyForDeploymentPostprocessing = 0;
		};
/* End PBXFrameworksBuildPhase section */

/* Begin PBXGroup section */
		18469E1C250C70DC00395024 /* M */ = {
			isa = PBXGroup;
			children = (
			);
			path = M;
			sourceTree = "<group>";
		};
		187AA3C324E913F2003C812C = {
			isa = PBXGroup;
			children = (
				187AA3CE24E913F2003C812C /* KVC+通知 */,
				187AA3EA24E913F8003C812C /* KVC+通知Tests */,
				187AA3F524E913F9003C812C /* KVC+通知UITests */,
				187AA3CD24E913F2003C812C /* Products */,
			);
			sourceTree = "<group>";
		};
		187AA3CD24E913F2003C812C /* Products */ = {
			isa = PBXGroup;
			children = (
				187AA3CC24E913F2003C812C /* KVC+通知.app */,
				187AA3E724E913F8003C812C /* KVC+通知Tests.xctest */,
				187AA3F224E913F9003C812C /* KVC+通知UITests.xctest */,
			);
			name = Products;
			sourceTree = "<group>";
		};
		187AA3CE24E913F2003C812C /* KVC+通知 */ = {
			isa = PBXGroup;
			children = (
				187AA3CF24E913F2003C812C /* AppDelegate.h */,
				187AA3D024E913F2003C812C /* AppDelegate.m */,
				187AA3D224E913F2003C812C /* SceneDelegate.h */,
				187AA3D324E913F2003C812C /* SceneDelegate.m */,
				187AA3D524E913F2003C812C /* ViewController.h */,
				187AA3D624E913F2003C812C /* ViewController.m */,
				18469E1C250C70DC00395024 /* M */,
				1898B6AF2503998900495C25 /* V */,
				1898B6B025039A2400495C25 /* C */,
				187AA3D824E913F2003C812C /* Main.storyboard */,
				187AA3DB24E913F8003C812C /* Assets.xcassets */,
				187AA3DD24E913F8003C812C /* LaunchScreen.storyboard */,
				187AA3E024E913F8003C812C /* Info.plist */,
				187AA3E124E913F8003C812C /* main.m */,
			);
			path = "KVC+通知";
			sourceTree = "<group>";
		};
		187AA3EA24E913F8003C812C /* KVC+通知Tests */ = {
			isa = PBXGroup;
			children = (
				187AA3EB24E913F9003C812C /* KVC___Tests.m */,
				187AA3ED24E913F9003C812C /* Info.plist */,
			);
			path = "KVC+通知Tests";
			sourceTree = "<group>";
		};
		187AA3F524E913F9003C812C /* KVC+通知UITests */ = {
			isa = PBXGroup;
			children = (
				187AA3F624E913F9003C812C /* KVC___UITests.m */,
				187AA3F824E913F9003C812C /* Info.plist */,
			);
			path = "KVC+通知UITests";
			sourceTree = "<group>";
		};
		1898B6AF2503998900495C25 /* V */ = {
			isa = PBXGroup;
			children = (
				187AA40424E92634003C812C /* RegisterView.h */,
				187AA40524E92634003C812C /* RegisterView.m */,
				187AA40724E92652003C812C /* LoginView.h */,
				187AA40824E92652003C812C /* LoginView.m */,
			);
			path = V;
			sourceTree = "<group>";
		};
		1898B6B025039A2400495C25 /* C */ = {
			isa = PBXGroup;
			children = (
				187AA40A24E92677003C812C /* RegisterController.h */,
				187AA40B24E92677003C812C /* RegisterController.m */,
				187AA40D24E9269B003C812C /* LoginController.h */,
				187AA40E24E9269B003C812C /* LoginController.m */,
			);
			path = C;
			sourceTree = "<group>";
		};
/* End PBXGroup section */

/* Begin PBXNativeTarget section */
		187AA3CB24E913F2003C812C /* KVC+通知 */ = {
			isa = PBXNativeTarget;
			buildConfigurationList = 187AA3FB24E913F9003C812C /* Build configuration list for PBXNativeTarget "KVC+通知" */;
			buildPhases = (
				187AA3C824E913F2003C812C /* Sources */,
				187AA3C924E913F2003C812C /* Frameworks */,
				187AA3CA24E913F2003C812C /* Resources */,
			);
			buildRules = (
			);
			dependencies = (
			);
			name = "KVC+通知";
			productName = "KVC+通知";
			productReference = 187AA3CC24E913F2003C812C /* KVC+通知.app */;
			productType = "com.apple.product-type.application";
		};
		187AA3E624E913F8003C812C /* KVC+通知Tests */ = {
			isa = PBXNativeTarget;
			buildConfigurationList = 187AA3FE24E913F9003C812C /* Build configuration list for PBXNativeTarget "KVC+通知Tests" */;
			buildPhases = (
				187AA3E324E913F8003C812C /* Sources */,
				187AA3E424E913F8003C812C /* Frameworks */,
				187AA3E524E913F8003C812C /* Resources */,
			);
			buildRules = (
			);
			dependencies = (
				187AA3E924E913F8003C812C /* PBXTargetDependency */,
			);
			name = "KVC+通知Tests";
			productName = "KVC+通知Tests";
			productReference = 187AA3E724E913F8003C812C /* KVC+通知Tests.xctest */;
			productType = "com.apple.product-type.bundle.unit-test";
		};
		187AA3F124E913F9003C812C /* KVC+通知UITests */ = {
			isa = PBXNativeTarget;
			buildConfigurationList = 187AA40124E913F9003C812C /* Build configuration list for PBXNativeTarget "KVC+通知UITests" */;
			buildPhases = (
				187AA3EE24E913F9003C812C /* Sources */,
				187AA3EF24E913F9003C812C /* Frameworks */,
				187AA3F024E913F9003C812C /* Resources */,
			);
			buildRules = (
			);
			dependencies = (
				187AA3F424E913F9003C812C /* PBXTargetDependency */,
			);
			name = "KVC+通知UITests";
			productName = "KVC+通知UITests";
			productReference = 187AA3F224E913F9003C812C /* KVC+通知UITests.xctest */;
			productType = "com.apple.product-type.bundle.ui-testing";
		};
/* End PBXNativeTarget section */

/* Begin PBXProject section */
		187AA3C424E913F2003C812C /* Project object */ = {
			isa = PBXProject;
			attributes = {
				LastUpgradeCheck = 1160;
				ORGANIZATIONNAME = "无";
				TargetAttributes = {
					187AA3CB24E913F2003C812C = {
						CreatedOnToolsVersion = 11.6;
					};
					187AA3E624E913F8003C812C = {
						CreatedOnToolsVersion = 11.6;
						TestTargetID = 187AA3CB24E913F2003C812C;
					};
					187AA3F124E913F9003C812C = {
						CreatedOnToolsVersion = 11.6;
						TestTargetID = 187AA3CB24E913F2003C812C;
					};
				};
			};
			buildConfigurationList = 187AA3C724E913F2003C812C /* Build configuration list for PBXProject "KVC+通知" */;
			compatibilityVersion = "Xcode 9.3";
			developmentRegion = en;
			hasScannedForEncodings = 0;
			knownRegions = (
				en,
				Base,
			);
			mainGroup = 187AA3C324E913F2003C812C;
			productRefGroup = 187AA3CD24E913F2003C812C /* Products */;
			projectDirPath = "";
			projectRoot = "";
			targets = (
				187AA3CB24E913F2003C812C /* KVC+通知 */,
				187AA3E624E913F8003C812C /* KVC+通知Tests */,
				187AA3F124E913F9003C812C /* KVC+通知UITests */,
			);
		};
/* End PBXProject section */

/* Begin PBXResourcesBuildPhase section */
		187AA3CA24E913F2003C812C /* Resources */ = {
			isa = PBXResourcesBuildPhase;
			buildActionMask = 2147483647;
			files = (
				187AA3DF24E913F8003C812C /* LaunchScreen.storyboard in Resources */,
				187AA3DC24E913F8003C812C /* Assets.xcassets in Resources */,
				187AA3DA24E913F2003C812C /* Main.storyboard in Resources */,
			);
			runOnlyForDeploymentPostprocessing = 0;
		};
		187AA3E524E913F8003C812C /* Resources */ = {
			isa = PBXResourcesBuildPhase;
			buildActionMask = 2147483647;
			files = (
			);
			runOnlyForDeploymentPostprocessing = 0;
		};
		187AA3F024E913F9003C812C /* Resources */ = {
			isa = PBXResourcesBuildPhase;
			buildActionMask = 2147483647;
			files = (
			);
			runOnlyForDeploymentPostprocessing = 0;
		};
/* End PBXResourcesBuildPhase section */

/* Begin PBXSourcesBuildPhase section */
		187AA3C824E913F2003C812C /* Sources */ = {
			isa = PBXSourcesBuildPhase;
			buildActionMask = 2147483647;
			files = (
				187AA40924E92652003C812C /* LoginView.m in Sources */,
				187AA40F24E9269B003C812C /* LoginController.m in Sources */,
				187AA3D724E913F2003C812C /* ViewController.m in Sources */,
				187AA3D124E913F2003C812C /* AppDelegate.m in Sources */,
				187AA3E224E913F8003C812C /* main.m in Sources */,
				187AA40C24E92677003C812C /* RegisterController.m in Sources */,
				187AA3D424E913F2003C812C /* SceneDelegate.m in Sources */,
				187AA40624E92634003C812C /* RegisterView.m in Sources */,
			);
			runOnlyForDeploymentPostprocessing = 0;
		};
		187AA3E324E913F8003C812C /* Sources */ = {
			isa = PBXSourcesBuildPhase;
			buildActionMask = 2147483647;
			files = (
				187AA3EC24E913F9003C812C /* KVC___Tests.m in Sources */,
			);
			runOnlyForDeploymentPostprocessing = 0;
		};
		187AA3EE24E913F9003C812C /* Sources */ = {
			isa = PBXSourcesBuildPhase;
			buildActionMask = 2147483647;
			files = (
				187AA3F724E913F9003C812C /* KVC___UITests.m in Sources */,
			);
			runOnlyForDeploymentPostprocessing = 0;
		};
/* End PBXSourcesBuildPhase section */

/* Begin PBXTargetDependency section */
		187AA3E924E913F8003C812C /* PBXTargetDependency */ = {
			isa = PBXTargetDependency;
			target = 187AA3CB24E913F2003C812C /* KVC+通知 */;
			targetProxy = 187AA3E824E913F8003C812C /* PBXContainerItemProxy */;
		};
		187AA3F424E913F9003C812C /* PBXTargetDependency */ = {
			isa = PBXTargetDependency;
			target = 187AA3CB24E913F2003C812C /* KVC+通知 */;
			targetProxy = 187AA3F324E913F9003C812C /* PBXContainerItemProxy */;
		};
/* End PBXTargetDependency section */

/* Begin PBXVariantGroup section */
		187AA3D824E913F2003C812C /* Main.storyboard */ = {
			isa = PBXVariantGroup;
			children = (
				187AA3D924E913F2003C812C /* Base */,
			);
			name = Main.storyboard;
			sourceTree = "<group>";
		};
		187AA3DD24E913F8003C812C /* LaunchScreen.storyboard */ = {
			isa = PBXVariantGroup;
			children = (
				187AA3DE24E913F8003C812C /* Base */,
			);
			name = LaunchScreen.storyboard;
			sourceTree = "<group>";
		};
/* End PBXVariantGroup section */

/* Begin XCBuildConfiguration section */
		187AA3F924E913F9003C812C /* Debug */ = {
			isa = XCBuildConfiguration;
			buildSettings = {
				ALWAYS_SEARCH_USER_PATHS = NO;
				CLANG_ANALYZER_NONNULL = YES;
				CLANG_ANALYZER_NUMBER_OBJECT_CONVERSION = YES_AGGRESSIVE;
				CLANG_CXX_LANGUAGE_STANDARD = "gnu++14";
				CLANG_CXX_LIBRARY = "libc++";
				CLANG_ENABLE_MODULES = YES;
				CLANG_ENABLE_OBJC_ARC = YES;
				CLANG_ENABLE_OBJC_WEAK = YES;
				CLANG_WARN_BLOCK_CAPTURE_AUTORELEASING = YES;
				CLANG_WARN_BOOL_CONVERSION = YES;
				CLANG_WARN_COMMA = YES;
				CLANG_WARN_CONSTANT_CONVERSION = YES;
				CLANG_WARN_DEPRECATED_OBJC_IMPLEMENTATIONS = YES;
				CLANG_WARN_DIRECT_OBJC_ISA_USAGE = YES_ERROR;
				CLANG_WARN_DOCUMENTATION_COMMENTS = YES;
				CLANG_WARN_EMPTY_BODY = YES;
				CLANG_WARN_ENUM_CONVERSION = YES;
				CLANG_WARN_INFINITE_RECURSION = YES;
				CLANG_WARN_INT_CONVERSION = YES;
				CLANG_WARN_NON_LITERAL_NULL_CONVERSION = YES;
				CLANG_WARN_OBJC_IMPLICIT_RETAIN_SELF = YES;
				CLANG_WARN_OBJC_LITERAL_CONVERSION = YES;
				CLANG_WARN_OBJC_ROOT_CLASS = YES_ERROR;
				CLANG_WARN_RANGE_LOOP_ANALYSIS = YES;
				CLANG_WARN_STRICT_PROTOTYPES = YES;
				CLANG_WARN_SUSPICIOUS_MOVE = YES;
				CLANG_WARN_UNGUARDED_AVAILABILITY = YES_AGGRESSIVE;
				CLANG_WARN_UNREACHABLE_CODE = YES;
				CLANG_WARN__DUPLICATE_METHOD_MATCH = YES;
				COPY_PHASE_STRIP = NO;
				DEBUG_INFORMATION_FORMAT = dwarf;
				ENABLE_STRICT_OBJC_MSGSEND = YES;
				ENABLE_TESTABILITY = YES;
				GCC_C_LANGUAGE_STANDARD = gnu11;
				GCC_DYNAMIC_NO_PIC = NO;
				GCC_NO_COMMON_BLOCKS = YES;
				GCC_OPTIMIZATION_LEVEL = 0;
				GCC_PREPROCESSOR_DEFINITIONS = (
					"DEBUG=1",
					"$(inherited)",
				);
				GCC_WARN_64_TO_32_BIT_CONVERSION = YES;
				GCC_WARN_ABOUT_RETURN_TYPE = YES_ERROR;
				GCC_WARN_UNDECLARED_SELECTOR = YES;
				GCC_WARN_UNINITIALIZED_AUTOS = YES_AGGRESSIVE;
				GCC_WARN_UNUSED_FUNCTION = YES;
				GCC_WARN_UNUSED_VARIABLE = YES;
				IPHONEOS_DEPLOYMENT_TARGET = 13.6;
				MTL_ENABLE_DEBUG_INFO = INCLUDE_SOURCE;
				MTL_FAST_MATH = YES;
				ONLY_ACTIVE_ARCH = YES;
				SDKROOT = iphoneos;
			};
			name = Debug;
		};
		187AA3FA24E913F9003C812C /* Release */ = {
			isa = XCBuildConfiguration;
			buildSettings = {
				ALWAYS_SEARCH_USER_PATHS = NO;
				CLANG_ANALYZER_NONNULL = YES;
				CLANG_ANALYZER_NUMBER_OBJECT_CONVERSION = YES_AGGRESSIVE;
				CLANG_CXX_LANGUAGE_STANDARD = "gnu++14";
				CLANG_CXX_LIBRARY = "libc++";
				CLANG_ENABLE_MODULES = YES;
				CLANG_ENABLE_OBJC_ARC = YES;
				CLANG_ENABLE_OBJC_WEAK = YES;
				CLANG_WARN_BLOCK_CAPTURE_AUTORELEASING = YES;
				CLANG_WARN_BOOL_CONVERSION = YES;
				CLANG_WARN_COMMA = YES;
				CLANG_WARN_CONSTANT_CONVERSION = YES;
				CLANG_WARN_DEPRECATED_OBJC_IMPLEMENTATIONS = YES;
				CLANG_WARN_DIRECT_OBJC_ISA_USAGE = YES_ERROR;
				CLANG_WARN_DOCUMENTATION_COMMENTS = YES;
				CLANG_WARN_EMPTY_BODY = YES;
				CLANG_WARN_ENUM_CONVERSION = YES;
				CLANG_WARN_INFINITE_RECURSION = YES;
				CLANG_WARN_INT_CONVERSION = YES;
				CLANG_WARN_NON_LITERAL_NULL_CONVERSION = YES;
				CLANG_WARN_OBJC_IMPLICIT_RETAIN_SELF = YES;
				CLANG_WARN_OBJC_LITERAL_CONVERSION = YES;
				CLANG_WARN_OBJC_ROOT_CLASS = YES_ERROR;
				CLANG_WARN_RANGE_LOOP_ANALYSIS = YES;
				CLANG_WARN_STRICT_PROTOTYPES = YES;
				CLANG_WARN_SUSPICIOUS_MOVE = YES;
				CLANG_WARN_UNGUARDED_AVAILABILITY = YES_AGGRESSIVE;
				CLANG_WARN_UNREACHABLE_CODE = YES;
				CLANG_WARN__DUPLICATE_METHOD_MATCH = YES;
				COPY_PHASE_STRIP = NO;
				DEBUG_INFORMATION_FORMAT = "dwarf-with-dsym";
				ENABLE_NS_ASSERTIONS = NO;
				ENABLE_STRICT_OBJC_MSGSEND = YES;
				GCC_C_LANGUAGE_STANDARD = gnu11;
				GCC_NO_COMMON_BLOCKS = YES;
				GCC_WARN_64_TO_32_BIT_CONVERSION = YES;
				GCC_WARN_ABOUT_RETURN_TYPE = YES_ERROR;
				GCC_WARN_UNDECLARED_SELECTOR = YES;
				GCC_WARN_UNINITIALIZED_AUTOS = YES_AGGRESSIVE;
				GCC_WARN_UNUSED_FUNCTION = YES;
				GCC_WARN_UNUSED_VARIABLE = YES;
				IPHONEOS_DEPLOYMENT_TARGET = 13.6;
				MTL_ENABLE_DEBUG_INFO = NO;
				MTL_FAST_MATH = YES;
				SDKROOT = iphoneos;
				VALIDATE_PRODUCT = YES;
			};
			name = Release;
		};
		187AA3FC24E913F9003C812C /* Debug */ = {
			isa = XCBuildConfiguration;
			buildSettings = {
				ASSETCATALOG_COMPILER_APPICON_NAME = AppIcon;
				CODE_SIGN_STYLE = Automatic;
				INFOPLIST_FILE = "KVC+通知/Info.plist";
				LD_RUNPATH_SEARCH_PATHS = (
					"$(inherited)",
					"@executable_path/Frameworks",
				);
				PRODUCT_BUNDLE_IDENTIFIER = "--.KVC---";
				PRODUCT_NAME = "$(TARGET_NAME)";
				TARGETED_DEVICE_FAMILY = "1,2";
			};
			name = Debug;
		};
		187AA3FD24E913F9003C812C /* Release */ = {
			isa = XCBuildConfiguration;
			buildSettings = {
				ASSETCATALOG_COMPILER_APPICON_NAME = AppIcon;
				CODE_SIGN_STYLE = Automatic;
				INFOPLIST_FILE = "KVC+通知/Info.plist";
				LD_RUNPATH_SEARCH_PATHS = (
					"$(inherited)",
					"@executable_path/Frameworks",
				);
				PRODUCT_BUNDLE_IDENTIFIER = "--.KVC---";
				PRODUCT_NAME = "$(TARGET_NAME)";
				TARGETED_DEVICE_FAMILY = "1,2";
			};
			name = Release;
		};
		187AA3FF24E913F9003C812C /* Debug */ = {
			isa = XCBuildConfiguration;
			buildSettings = {
				BUNDLE_LOADER = "$(TEST_HOST)";
				CODE_SIGN_STYLE = Automatic;
				INFOPLIST_FILE = "KVC+通知Tests/Info.plist";
				IPHONEOS_DEPLOYMENT_TARGET = 13.6;
				LD_RUNPATH_SEARCH_PATHS = (
					"$(inherited)",
					"@executable_path/Frameworks",
					"@loader_path/Frameworks",
				);
				PRODUCT_BUNDLE_IDENTIFIER = "--.KVC---Tests";
				PRODUCT_NAME = "$(TARGET_NAME)";
				TARGETED_DEVICE_FAMILY = "1,2";
				TEST_HOST = "$(BUILT_PRODUCTS_DIR)/KVC+通知.app/KVC+通知";
			};
			name = Debug;
		};
		187AA40024E913F9003C812C /* Release */ = {
			isa = XCBuildConfiguration;
			buildSettings = {
				BUNDLE_LOADER = "$(TEST_HOST)";
				CODE_SIGN_STYLE = Automatic;
				INFOPLIST_FILE = "KVC+通知Tests/Info.plist";
				IPHONEOS_DEPLOYMENT_TARGET = 13.6;
				LD_RUNPATH_SEARCH_PATHS = (
					"$(inherited)",
					"@executable_path/Frameworks",
					"@loader_path/Frameworks",
				);
				PRODUCT_BUNDLE_IDENTIFIER = "--.KVC---Tests";
				PRODUCT_NAME = "$(TARGET_NAME)";
				TARGETED_DEVICE_FAMILY = "1,2";
				TEST_HOST = "$(BUILT_PRODUCTS_DIR)/KVC+通知.app/KVC+通知";
			};
			name = Release;
		};
		187AA40224E913F9003C812C /* Debug */ = {
			isa = XCBuildConfiguration;
			buildSettings = {
				CODE_SIGN_STYLE = Automatic;
				INFOPLIST_FILE = "KVC+通知UITests/Info.plist";
				LD_RUNPATH_SEARCH_PATHS = (
					"$(inherited)",
					"@executable_path/Frameworks",
					"@loader_path/Frameworks",
				);
				PRODUCT_BUNDLE_IDENTIFIER = "--.KVC---UITests";
				PRODUCT_NAME = "$(TARGET_NAME)";
				TARGETED_DEVICE_FAMILY = "1,2";
				TEST_TARGET_NAME = "KVC+通知";
			};
			name = Debug;
		};
		187AA40324E913F9003C812C /* Release */ = {
			isa = XCBuildConfiguration;
			buildSettings = {
				CODE_SIGN_STYLE = Automatic;
				INFOPLIST_FILE = "KVC+通知UITests/Info.plist";
				LD_RUNPATH_SEARCH_PATHS = (
					"$(inherited)",
					"@executable_path/Frameworks",
					"@loader_path/Frameworks",
				);
				PRODUCT_BUNDLE_IDENTIFIER = "--.KVC---UITests";
				PRODUCT_NAME = "$(TARGET_NAME)";
				TARGETED_DEVICE_FAMILY = "1,2";
				TEST_TARGET_NAME = "KVC+通知";
			};
			name = Release;
		};
/* End XCBuildConfiguration section */

/* Begin XCConfigurationList section */
		187AA3C724E913F2003C812C /* Build configuration list for PBXProject "KVC+通知" */ = {
			isa = XCConfigurationList;
			buildConfigurations = (
				187AA3F924E913F9003C812C /* Debug */,
				187AA3FA24E913F9003C812C /* Release */,
			);
			defaultConfigurationIsVisible = 0;
			defaultConfigurationName = Release;
		};
		187AA3FB24E913F9003C812C /* Build configuration list for PBXNativeTarget "KVC+通知" */ = {
			isa = XCConfigurationList;
			buildConfigurations = (
				187AA3FC24E913F9003C812C /* Debug */,
				187AA3FD24E913F9003C812C /* Release */,
			);
			defaultConfigurationIsVisible = 0;
			defaultConfigurationName = Release;
		};
		187AA3FE24E913F9003C812C /* Build configuration list for PBXNativeTarget "KVC+通知Tests" */ = {
			isa = XCConfigurationList;
			buildConfigurations = (
				187AA3FF24E913F9003C812C /* Debug */,
				187AA40024E913F9003C812C /* Release */,
			);
			defaultConfigurationIsVisible = 0;
			defaultConfigurationName = Release;
		};
		187AA40124E913F9003C812C /* Build configuration list for PBXNativeTarget "KVC+通知UITests" */ = {
			isa = XCConfigurationList;
			buildConfigurations = (
				187AA40224E913F9003C812C /* Debug */,
				187AA40324E913F9003C812C /* Release */,
			);
			defaultConfigurationIsVisible = 0;
			defaultConfigurationName = Release;
		};
/* End XCConfigurationList section */
	};
	rootObject = 187AA3C424E913F2003C812C /* Project object */;
}
